
Microsoft Visual Studio Solution File, Format Version 12.00
# Visual Studio Version 17
VisualStudioVersion = 17.4.33205.214
MinimumVisualStudioVersion = 10.0.40219.1
Project("{FAE04EC0-301F-11D3-BF4B-00C04F79EFBC}") = "Horoskoop.Android", "Horoskoop.Android\Horoskoop.Android.csproj", "{67D1E08A-4BAF-46EC-9A0D-AD5AD3ACAB66}"
EndProject
Project("{FAE04EC0-301F-11D3-BF4B-00C04F79EFBC}") = "Horoskoop.iOS", "Horoskoop.iOS\Horoskoop.iOS.csproj", "{5B6AD8EC-78C3-4989-B40C-3B7AFD11BC06}"
EndProject
Project("{FAE04EC0-301F-11D3-BF4B-00C04F79EFBC}") = "Horoskoop", "Horoskoop\Horoskoop.csproj", "{41A3FC1F-6CB9-4556-A7DB-C875E92ED040}"
EndProject
Global
	GlobalSection(SolutionConfigurationPlatforms) = preSolution
		Debug|Any CPU = Debug|Any CPU
		Debug|iPhone = Debug|iPhone
		Debug|iPhoneSimulator = Debug|iPhoneSimulator
		Release|Any CPU = Release|Any CPU
		Release|iPhone = Release|iPhone
		Release|iPhoneSimulator = Release|iPhoneSimulator
	EndGlobalSection
	GlobalSection(ProjectConfigurationPlatforms) = postSolution
		{67D1E08A-4BAF-46EC-9A0D-AD5AD3ACAB66}.Debug|Any CPU.ActiveCfg = Debug|Any CPU
		{67D1E08A-4BAF-46EC-9A0D-AD5AD3ACAB66}.Debug|Any CPU.Build.0 = Debug|Any CPU
		{67D1E08A-4BAF-46EC-9A0D-AD5AD3ACAB66}.Debug|Any CPU.Deploy.0 = Debug|Any CPU
		{67D1E08A-4BAF-46EC-9A0D-AD5AD3ACAB66}.Debug|iPhone.ActiveCfg = Debug|Any CPU
		{67D1E08A-4BAF-46EC-9A0D-AD5AD3ACAB66}.Debug|iPhone.Build.0 = Debug|Any CPU
		{67D1E08A-4BAF-46EC-9A0D-AD5AD3ACAB66}.Debug|iPhone.Deploy.0 = Debug|Any CPU
		{67D1E08A-4BAF-46EC-9A0D-AD5AD3ACAB66}.Debug|iPhoneSimulator.ActiveCfg = Debug|Any CPU
		{67D1E08A-4BAF-46EC-9A0D-AD5AD3ACAB66}.Debug|iPhoneSimulator.Build.0 = Debug|Any CPU
		{67D1E08A-4BAF-46EC-9A0D-AD5AD3ACAB66}.Debug|iPhoneSimulator.Deploy.0 = Debug|Any CPU
		{67D1E08A-4BAF-46EC-9A0D-AD5AD3ACAB66}.Release|Any CPU.ActiveCfg = Release|Any CPU
		{67D1E08A-4BAF-46EC-9A0D-AD5AD3ACAB66}.Release|Any CPU.Build.0 = Release|Any CPU
		{67D1E08A-4BAF-46EC-9A0D-AD5AD3ACAB66}.Release|Any CPU.Deploy.0 = Release|Any CPU
		{67D1E08A-4BAF-46EC-9A0D-AD5AD3ACAB66}.Release|iPhone.ActiveCfg = Release|Any CPU
		{67D1E08A-4BAF-46EC-9A0D-AD5AD3ACAB66}.Release|iPhone.Build.0 = Release|Any CPU
		{67D1E08A-4BAF-46EC-9A0D-AD5AD3ACAB66}.Release|iPhone.Deploy.0 = Release|Any CPU
		{67D1E08A-4BAF-46EC-9A0D-AD5AD3ACAB66}.Release|iPhoneSimulator.ActiveCfg = Release|Any CPU
		{67D1E08A-4BAF-46EC-9A0D-AD5AD3ACAB66}.Release|iPhoneSimulator.Build.0 = Release|Any CPU
		{67D1E08A-4BAF-46EC-9A0D-AD5AD3ACAB66}.Release|iPhoneSimulator.Deploy.0 = Release|Any CPU
		{5B6AD8EC-78C3-4989-B40C-3B7AFD11BC06}.Debug|Any CPU.ActiveCfg = Debug|iPhone
		{5B6AD8EC-78C3-4989-B40C-3B7AFD11BC06}.Debug|Any CPU.Build.0 = Debug|iPhone
		{5B6AD8EC-78C3-4989-B40C-3B7AFD11BC06}.Debug|Any CPU.Deploy.0 = Debug|iPhone
		{5B6AD8EC-78C3-4989-B40C-3B7AFD11BC06}.Debug|iPhone.ActiveCfg = Debug|iPhone
		{5B6AD8EC-78C3-4989-B40C-3B7AFD11BC06}.Debug|iPhone.Build.0 = Debug|iPhone
		{5B6AD8EC-78C3-4989-B40C-3B7AFD11BC06}.Debug|iPhone.Deploy.0 = Debug|iPhone
		{5B6AD8EC-78C3-4989-B40C-3B7AFD11BC06}.Debug|iPhoneSimulator.ActiveCfg = Debug|iPhoneSimulator
		{5B6AD8EC-78C3-4989-B40C-3B7AFD11BC06}.Debug|iPhoneSimulator.Build.0 = Debug|iPhoneSimulator
		{5B6AD8EC-78C3-4989-B40C-3B7AFD11BC06}.Debug|iPhoneSimulator.Deploy.0 = Debug|iPhoneSimulator
		{5B6AD8EC-78C3-4989-B40C-3B7AFD11BC06}.Release|Any CPU.ActiveCfg = Release|iPhoneSimulator
		{5B6AD8EC-78C3-4989-B40C-3B7AFD11BC06}.Release|Any CPU.Build.0 = Release|iPhoneSimulator
		{5B6AD8EC-78C3-4989-B40C-3B7AFD11BC06}.Release|Any CPU.Deploy.0 = Release|iPhoneSimulator
		{5B6AD8EC-78C3-4989-B40C-3B7AFD11BC06}.Release|iPhone.ActiveCfg = Release|iPhone
		{5B6AD8EC-78C3-4989-B40C-3B7AFD11BC06}.Release|iPhone.Build.0 = Release|iPhone
		{5B6AD8EC-78C3-4989-B40C-3B7AFD11BC06}.Release|iPhone.Deploy.0 = Release|iPhone
		{5B6AD8EC-78C3-4989-B40C-3B7AFD11BC06}.Release|iPhoneSimulator.ActiveCfg = Release|iPhoneSimulator
		{5B6AD8EC-78C3-4989-B40C-3B7AFD11BC06}.Release|iPhoneSimulator.Build.0 = Release|iPhoneSimulator
		{5B6AD8EC-78C3-4989-B40C-3B7AFD11BC06}.Release|iPhoneSimulator.Deploy.0 = Release|iPhoneSimulator
		{41A3FC1F-6CB9-4556-A7DB-C875E92ED040}.Debug|Any CPU.ActiveCfg = Debug|Any CPU
		{41A3FC1F-6CB9-4556-A7DB-C875E92ED040}.Debug|Any CPU.Build.0 = Debug|Any CPU
		{41A3FC1F-6CB9-4556-A7DB-C875E92ED040}.Debug|Any CPU.Deploy.0 = Debug|Any CPU
		{41A3FC1F-6CB9-4556-A7DB-C875E92ED040}.Debug|iPhone.ActiveCfg = Debug|Any CPU
		{41A3FC1F-6CB9-4556-A7DB-C875E92ED040}.Debug|iPhone.Build.0 = Debug|Any CPU
		{41A3FC1F-6CB9-4556-A7DB-C875E92ED040}.Debug|iPhone.Deploy.0 = Debug|Any CPU
		{41A3FC1F-6CB9-4556-A7DB-C875E92ED040}.Debug|iPhoneSimulator.ActiveCfg = Debug|Any CPU
		{41A3FC1F-6CB9-4556-A7DB-C875E92ED040}.Debug|iPhoneSimulator.Build.0 = Debug|Any CPU
		{41A3FC1F-6CB9-4556-A7DB-C875E92ED040}.Debug|iPhoneSimulator.Deploy.0 = Debug|Any CPU
		{41A3FC1F-6CB9-4556-A7DB-C875E92ED040}.Release|Any CPU.ActiveCfg = Release|Any CPU
		{41A3FC1F-6CB9-4556-A7DB-C875E92ED040}.Release|Any CPU.Build.0 = Release|Any CPU
		{41A3FC1F-6CB9-4556-A7DB-C875E92ED040}.Release|Any CPU.Deploy.0 = Release|Any CPU
		{41A3FC1F-6CB9-4556-A7DB-C875E92ED040}.Release|iPhone.ActiveCfg = Release|Any CPU
		{41A3FC1F-6CB9-4556-A7DB-C875E92ED040}.Release|iPhone.Build.0 = Release|Any CPU
		{41A3FC1F-6CB9-4556-A7DB-C875E92ED040}.Release|iPhone.Deploy.0 = Release|Any CPU
		{41A3FC1F-6CB9-4556-A7DB-C875E92ED040}.Release|iPhoneSimulator.ActiveCfg = Release|Any CPU
		{41A3FC1F-6CB9-4556-A7DB-C875E92ED040}.Release|iPhoneSimulator.Build.0 = Release|Any CPU
		{41A3FC1F-6CB9-4556-A7DB-C875E92ED040}.Release|iPhoneSimulator.Deploy.0 = Release|Any CPU
	EndGlobalSection
	GlobalSection(SolutionProperties) = preSolution
		HideSolutionNode = FALSE
	EndGlobalSection
	GlobalSection(ExtensibilityGlobals) = postSolution
		SolutionGuid = {F0DDA6D6-8219-46CE-B24E-BFCFD802B987}
	EndGlobalSection
EndGlobal
